
Microsoft Visual Studio Solution File, Format Version 12.00
# Visual Studio Version 16
VisualStudioVersion = 16.0.30128.74
MinimumVisualStudioVersion = 10.0.40219.1
Project("{8BC9CEB8-8B4A-11D0-8D11-00A0C91BC942}") = "Image_Processing", "Image_Processing\Image_Processing.vcxproj", "{941B6A6F-B5A7-4BC7-A43F-271D12E4D901}"
EndProject
Project("{8BC9CEB8-8B4A-11D0-8D11-00A0C91BC942}") = "Drawing_2", "Drawing_2\Drawing_2.vcxproj", "{19320B82-3FD9-414B-921B-8EDC1D5CE2FF}"
EndProject
Project("{8BC9CEB8-8B4A-11D0-8D11-00A0C91BC942}") = "Smoothing_Images", "Smoothing_Images\Smoothing_Images.vcxproj", "{5B87D5CE-F4A1-4A55-A5B5-4E14405A333A}"
EndProject
Project("{8BC9CEB8-8B4A-11D0-8D11-00A0C91BC942}") = "Eroding_and_Dilating", "Eroding_and_Dilating\Eroding_and_Dilating.vcxproj", "{43AB620A-9F8C-4246-8115-642C4D43404D}"
EndProject
Project("{8BC9CEB8-8B4A-11D0-8D11-00A0C91BC942}") = "Morphology_2", "Morphology_2\Morphology_2.vcxproj", "{56F439E5-480D-4DEC-A4EE-1716D6B16DEB}"
EndProject
Project("{8BC9CEB8-8B4A-11D0-8D11-00A0C91BC942}") = "HitMiss", "HitMiss\HitMiss.vcxproj", "{D09A1843-2406-4570-8F16-A8FBB3FD67AD}"
EndProject
Project("{8BC9CEB8-8B4A-11D0-8D11-00A0C91BC942}") = "Morphology_3", "Morphology_3\Morphology_3.vcxproj", "{239565C5-A19F-426C-A94B-26D6B0CC03EA}"
EndProject
Project("{8BC9CEB8-8B4A-11D0-8D11-00A0C91BC942}") = "Pyramids", "Pyramids\Pyramids.vcxproj", "{35FDB07A-E75D-4863-A757-C7FF6B3C44A3}"
EndProject
Project("{8BC9CEB8-8B4A-11D0-8D11-00A0C91BC942}") = "Threshold", "Threshold\Threshold.vcxproj", "{BC1A4493-DE38-45D6-89E9-01A4B21B76D3}"
EndProject
Project("{8BC9CEB8-8B4A-11D0-8D11-00A0C91BC942}") = "Threshold_inRange", "Threshold_inRange\Threshold_inRange.vcxproj", "{7F5FB590-BF9F-400E-BD3A-90C3B2965348}"
EndProject
Project("{8BC9CEB8-8B4A-11D0-8D11-00A0C91BC942}") = "filter2D_Demo", "filter2D_Demo\filter2D_Demo.vcxproj", "{65DBF443-8616-48B1-B020-2F9643CE24D1}"
EndProject
Project("{8BC9CEB8-8B4A-11D0-8D11-00A0C91BC942}") = "copyMakeBorder_demo", "copyMakeBorder_demo\copyMakeBorder_demo.vcxproj", "{73067DB3-86E4-4FFC-8163-DD3B5D565B34}"
EndProject
Project("{8BC9CEB8-8B4A-11D0-8D11-00A0C91BC942}") = "Sobel_Demo", "Sobel_Demo\Sobel_Demo.vcxproj", "{963EE316-D011-4BA1-AF0E-7D9E1FEED0C3}"
EndProject
Project("{8BC9CEB8-8B4A-11D0-8D11-00A0C91BC942}") = "Laplace_Demo", "Laplace_Demo\Laplace_Demo.vcxproj", "{BDB7CE84-2A0E-4D76-B753-2A17F5CF2314}"
EndProject
Project("{8BC9CEB8-8B4A-11D0-8D11-00A0C91BC942}") = "CannyDetector_Demo", "CannyDetector_Demo\CannyDetector_Demo.vcxproj", "{44B2CBF5-E825-4B78-A9C6-CB87D4874558}"
EndProject
Project("{8BC9CEB8-8B4A-11D0-8D11-00A0C91BC942}") = "HoughLines_Demo", "HoughLines_Demo\HoughLines_Demo.vcxproj", "{E5E88EDE-19F2-4B57-B57E-1A439B21B45F}"
EndProject
Project("{8BC9CEB8-8B4A-11D0-8D11-00A0C91BC942}") = "houghcircles", "houghcircles\houghcircles.vcxproj", "{F6357968-DD6A-4DC9-829D-4A3AB2EE91B5}"
EndProject
Project("{8BC9CEB8-8B4A-11D0-8D11-00A0C91BC942}") = "Remap_Demo", "Remap_Demo\Remap_Demo.vcxproj", "{88D8266C-C79E-4455-A019-2EF3DDEFDDB3}"
EndProject
Project("{8BC9CEB8-8B4A-11D0-8D11-00A0C91BC942}") = "Affine_Transformations", "Affine_Transformations\Affine_Transformations.vcxproj", "{A99E6D9D-9001-42CC-BF11-95A850568C23}"
EndProject
Global
	GlobalSection(SolutionConfigurationPlatforms) = preSolution
		Debug|x64 = Debug|x64
		Debug|x86 = Debug|x86
		Release|x64 = Release|x64
		Release|x86 = Release|x86
	EndGlobalSection
	GlobalSection(ProjectConfigurationPlatforms) = postSolution
		{941B6A6F-B5A7-4BC7-A43F-271D12E4D901}.Debug|x64.ActiveCfg = Debug|x64
		{941B6A6F-B5A7-4BC7-A43F-271D12E4D901}.Debug|x64.Build.0 = Debug|x64
		{941B6A6F-B5A7-4BC7-A43F-271D12E4D901}.Debug|x86.ActiveCfg = Debug|Win32
		{941B6A6F-B5A7-4BC7-A43F-271D12E4D901}.Debug|x86.Build.0 = Debug|Win32
		{941B6A6F-B5A7-4BC7-A43F-271D12E4D901}.Release|x64.ActiveCfg = Release|x64
		{941B6A6F-B5A7-4BC7-A43F-271D12E4D901}.Release|x64.Build.0 = Release|x64
		{941B6A6F-B5A7-4BC7-A43F-271D12E4D901}.Release|x86.ActiveCfg = Release|Win32
		{941B6A6F-B5A7-4BC7-A43F-271D12E4D901}.Release|x86.Build.0 = Release|Win32
		{19320B82-3FD9-414B-921B-8EDC1D5CE2FF}.Debug|x64.ActiveCfg = Debug|x64
		{19320B82-3FD9-414B-921B-8EDC1D5CE2FF}.Debug|x64.Build.0 = Debug|x64
		{19320B82-3FD9-414B-921B-8EDC1D5CE2FF}.Debug|x86.ActiveCfg = Debug|Win32
		{19320B82-3FD9-414B-921B-8EDC1D5CE2FF}.Debug|x86.Build.0 = Debug|Win32
		{19320B82-3FD9-414B-921B-8EDC1D5CE2FF}.Release|x64.ActiveCfg = Release|x64
		{19320B82-3FD9-414B-921B-8EDC1D5CE2FF}.Release|x64.Build.0 = Release|x64
		{19320B82-3FD9-414B-921B-8EDC1D5CE2FF}.Release|x86.ActiveCfg = Release|Win32
		{19320B82-3FD9-414B-921B-8EDC1D5CE2FF}.Release|x86.Build.0 = Release|Win32
		{5B87D5CE-F4A1-4A55-A5B5-4E14405A333A}.Debug|x64.ActiveCfg = Debug|x64
		{5B87D5CE-F4A1-4A55-A5B5-4E14405A333A}.Debug|x64.Build.0 = Debug|x64
		{5B87D5CE-F4A1-4A55-A5B5-4E14405A333A}.Debug|x86.ActiveCfg = Debug|Win32
		{5B87D5CE-F4A1-4A55-A5B5-4E14405A333A}.Debug|x86.Build.0 = Debug|Win32
		{5B87D5CE-F4A1-4A55-A5B5-4E14405A333A}.Release|x64.ActiveCfg = Release|x64
		{5B87D5CE-F4A1-4A55-A5B5-4E14405A333A}.Release|x64.Build.0 = Release|x64
		{5B87D5CE-F4A1-4A55-A5B5-4E14405A333A}.Release|x86.ActiveCfg = Release|Win32
		{5B87D5CE-F4A1-4A55-A5B5-4E14405A333A}.Release|x86.Build.0 = Release|Win32
		{43AB620A-9F8C-4246-8115-642C4D43404D}.Debug|x64.ActiveCfg = Debug|x64
		{43AB620A-9F8C-4246-8115-642C4D43404D}.Debug|x64.Build.0 = Debug|x64
		{43AB620A-9F8C-4246-8115-642C4D43404D}.Debug|x86.ActiveCfg = Debug|Win32
		{43AB620A-9F8C-4246-8115-642C4D43404D}.Debug|x86.Build.0 = Debug|Win32
		{43AB620A-9F8C-4246-8115-642C4D43404D}.Release|x64.ActiveCfg = Release|x64
		{43AB620A-9F8C-4246-8115-642C4D43404D}.Release|x64.Build.0 = Release|x64
		{43AB620A-9F8C-4246-8115-642C4D43404D}.Release|x86.ActiveCfg = Release|Win32
		{43AB620A-9F8C-4246-8115-642C4D43404D}.Release|x86.Build.0 = Release|Win32
		{56F439E5-480D-4DEC-A4EE-1716D6B16DEB}.Debug|x64.ActiveCfg = Debug|x64
		{56F439E5-480D-4DEC-A4EE-1716D6B16DEB}.Debug|x64.Build.0 = Debug|x64
		{56F439E5-480D-4DEC-A4EE-1716D6B16DEB}.Debug|x86.ActiveCfg = Debug|Win32
		{56F439E5-480D-4DEC-A4EE-1716D6B16DEB}.Debug|x86.Build.0 = Debug|Win32
		{56F439E5-480D-4DEC-A4EE-1716D6B16DEB}.Release|x64.ActiveCfg = Release|x64
		{56F439E5-480D-4DEC-A4EE-1716D6B16DEB}.Release|x64.Build.0 = Release|x64
		{56F439E5-480D-4DEC-A4EE-1716D6B16DEB}.Release|x86.ActiveCfg = Release|Win32
		{56F439E5-480D-4DEC-A4EE-1716D6B16DEB}.Release|x86.Build.0 = Release|Win32
		{D09A1843-2406-4570-8F16-A8FBB3FD67AD}.Debug|x64.ActiveCfg = Debug|x64
		{D09A1843-2406-4570-8F16-A8FBB3FD67AD}.Debug|x64.Build.0 = Debug|x64
		{D09A1843-2406-4570-8F16-A8FBB3FD67AD}.Debug|x86.ActiveCfg = Debug|Win32
		{D09A1843-2406-4570-8F16-A8FBB3FD67AD}.Debug|x86.Build.0 = Debug|Win32
		{D09A1843-2406-4570-8F16-A8FBB3FD67AD}.Release|x64.ActiveCfg = Release|x64
		{D09A1843-2406-4570-8F16-A8FBB3FD67AD}.Release|x64.Build.0 = Release|x64
		{D09A1843-2406-4570-8F16-A8FBB3FD67AD}.Release|x86.ActiveCfg = Release|Win32
		{D09A1843-2406-4570-8F16-A8FBB3FD67AD}.Release|x86.Build.0 = Release|Win32
		{239565C5-A19F-426C-A94B-26D6B0CC03EA}.Debug|x64.ActiveCfg = Debug|x64
		{239565C5-A19F-426C-A94B-26D6B0CC03EA}.Debug|x64.Build.0 = Debug|x64
		{239565C5-A19F-426C-A94B-26D6B0CC03EA}.Debug|x86.ActiveCfg = Debug|Win32
		{239565C5-A19F-426C-A94B-26D6B0CC03EA}.Debug|x86.Build.0 = Debug|Win32
		{239565C5-A19F-426C-A94B-26D6B0CC03EA}.Release|x64.ActiveCfg = Release|x64
		{239565C5-A19F-426C-A94B-26D6B0CC03EA}.Release|x64.Build.0 = Release|x64
		{239565C5-A19F-426C-A94B-26D6B0CC03EA}.Release|x86.ActiveCfg = Release|Win32
		{239565C5-A19F-426C-A94B-26D6B0CC03EA}.Release|x86.Build.0 = Release|Win32
		{35FDB07A-E75D-4863-A757-C7FF6B3C44A3}.Debug|x64.ActiveCfg = Debug|x64
		{35FDB07A-E75D-4863-A757-C7FF6B3C44A3}.Debug|x64.Build.0 = Debug|x64
		{35FDB07A-E75D-4863-A757-C7FF6B3C44A3}.Debug|x86.ActiveCfg = Debug|Win32
		{35FDB07A-E75D-4863-A757-C7FF6B3C44A3}.Debug|x86.Build.0 = Debug|Win32
		{35FDB07A-E75D-4863-A757-C7FF6B3C44A3}.Release|x64.ActiveCfg = Release|x64
		{35FDB07A-E75D-4863-A757-C7FF6B3C44A3}.Release|x64.Build.0 = Release|x64
		{35FDB07A-E75D-4863-A757-C7FF6B3C44A3}.Release|x86.ActiveCfg = Release|Win32
		{35FDB07A-E75D-4863-A757-C7FF6B3C44A3}.Release|x86.Build.0 = Release|Win32
		{BC1A4493-DE38-45D6-89E9-01A4B21B76D3}.Debug|x64.ActiveCfg = Debug|x64
		{BC1A4493-DE38-45D6-89E9-01A4B21B76D3}.Debug|x64.Build.0 = Debug|x64
		{BC1A4493-DE38-45D6-89E9-01A4B21B76D3}.Debug|x86.ActiveCfg = Debug|Win32
		{BC1A4493-DE38-45D6-89E9-01A4B21B76D3}.Debug|x86.Build.0 = Debug|Win32
		{BC1A4493-DE38-45D6-89E9-01A4B21B76D3}.Release|x64.ActiveCfg = Release|x64
		{BC1A4493-DE38-45D6-89E9-01A4B21B76D3}.Release|x64.Build.0 = Release|x64
		{BC1A4493-DE38-45D6-89E9-01A4B21B76D3}.Release|x86.ActiveCfg = Release|Win32
		{BC1A4493-DE38-45D6-89E9-01A4B21B76D3}.Release|x86.Build.0 = Release|Win32
		{7F5FB590-BF9F-400E-BD3A-90C3B2965348}.Debug|x64.ActiveCfg = Debug|x64
		{7F5FB590-BF9F-400E-BD3A-90C3B2965348}.Debug|x64.Build.0 = Debug|x64
		{7F5FB590-BF9F-400E-BD3A-90C3B2965348}.Debug|x86.ActiveCfg = Debug|Win32
		{7F5FB590-BF9F-400E-BD3A-90C3B2965348}.Debug|x86.Build.0 = Debug|Win32
		{7F5FB590-BF9F-400E-BD3A-90C3B2965348}.Release|x64.ActiveCfg = Release|x64
		{7F5FB590-BF9F-400E-BD3A-90C3B2965348}.Release|x64.Build.0 = Release|x64
		{7F5FB590-BF9F-400E-BD3A-90C3B2965348}.Release|x86.ActiveCfg = Release|Win32
		{7F5FB590-BF9F-400E-BD3A-90C3B2965348}.Release|x86.Build.0 = Release|Win32
		{65DBF443-8616-48B1-B020-2F9643CE24D1}.Debug|x64.ActiveCfg = Debug|x64
		{65DBF443-8616-48B1-B020-2F9643CE24D1}.Debug|x64.Build.0 = Debug|x64
		{65DBF443-8616-48B1-B020-2F9643CE24D1}.Debug|x86.ActiveCfg = Debug|Win32
		{65DBF443-8616-48B1-B020-2F9643CE24D1}.Debug|x86.Build.0 = Debug|Win32
		{65DBF443-8616-48B1-B020-2F9643CE24D1}.Release|x64.ActiveCfg = Release|x64
		{65DBF443-8616-48B1-B020-2F9643CE24D1}.Release|x64.Build.0 = Release|x64
		{65DBF443-8616-48B1-B020-2F9643CE24D1}.Release|x86.ActiveCfg = Release|Win32
		{65DBF443-8616-48B1-B020-2F9643CE24D1}.Release|x86.Build.0 = Release|Win32
		{73067DB3-86E4-4FFC-8163-DD3B5D565B34}.Debug|x64.ActiveCfg = Debug|x64
		{73067DB3-86E4-4FFC-8163-DD3B5D565B34}.Debug|x64.Build.0 = Debug|x64
		{73067DB3-86E4-4FFC-8163-DD3B5D565B34}.Debug|x86.ActiveCfg = Debug|Win32
		{73067DB3-86E4-4FFC-8163-DD3B5D565B34}.Debug|x86.Build.0 = Debug|Win32
		{73067DB3-86E4-4FFC-8163-DD3B5D565B34}.Release|x64.ActiveCfg = Release|x64
		{73067DB3-86E4-4FFC-8163-DD3B5D565B34}.Release|x64.Build.0 = Release|x64
		{73067DB3-86E4-4FFC-8163-DD3B5D565B34}.Release|x86.ActiveCfg = Release|Win32
		{73067DB3-86E4-4FFC-8163-DD3B5D565B34}.Release|x86.Build.0 = Release|Win32
		{963EE316-D011-4BA1-AF0E-7D9E1FEED0C3}.Debug|x64.ActiveCfg = Debug|x64
		{963EE316-D011-4BA1-AF0E-7D9E1FEED0C3}.Debug|x64.Build.0 = Debug|x64
		{963EE316-D011-4BA1-AF0E-7D9E1FEED0C3}.Debug|x86.ActiveCfg = Debug|Win32
		{963EE316-D011-4BA1-AF0E-7D9E1FEED0C3}.Debug|x86.Build.0 = Debug|Win32
		{963EE316-D011-4BA1-AF0E-7D9E1FEED0C3}.Release|x64.ActiveCfg = Release|x64
		{963EE316-D011-4BA1-AF0E-7D9E1FEED0C3}.Release|x64.Build.0 = Release|x64
		{963EE316-D011-4BA1-AF0E-7D9E1FEED0C3}.Release|x86.ActiveCfg = Release|Win32
		{963EE316-D011-4BA1-AF0E-7D9E1FEED0C3}.Release|x86.Build.0 = Release|Win32
		{BDB7CE84-2A0E-4D76-B753-2A17F5CF2314}.Debug|x64.ActiveCfg = Debug|x64
		{BDB7CE84-2A0E-4D76-B753-2A17F5CF2314}.Debug|x64.Build.0 = Debug|x64
		{BDB7CE84-2A0E-4D76-B753-2A17F5CF2314}.Debug|x86.ActiveCfg = Debug|Win32
		{BDB7CE84-2A0E-4D76-B753-2A17F5CF2314}.Debug|x86.Build.0 = Debug|Win32
		{BDB7CE84-2A0E-4D76-B753-2A17F5CF2314}.Release|x64.ActiveCfg = Release|x64
		{BDB7CE84-2A0E-4D76-B753-2A17F5CF2314}.Release|x64.Build.0 = Release|x64
		{BDB7CE84-2A0E-4D76-B753-2A17F5CF2314}.Release|x86.ActiveCfg = Release|Win32
		{BDB7CE84-2A0E-4D76-B753-2A17F5CF2314}.Release|x86.Build.0 = Release|Win32
		{44B2CBF5-E825-4B78-A9C6-CB87D4874558}.Debug|x64.ActiveCfg = Debug|x64
		{44B2CBF5-E825-4B78-A9C6-CB87D4874558}.Debug|x64.Build.0 = Debug|x64
		{44B2CBF5-E825-4B78-A9C6-CB87D4874558}.Debug|x86.ActiveCfg = Debug|Win32
		{44B2CBF5-E825-4B78-A9C6-CB87D4874558}.Debug|x86.Build.0 = Debug|Win32
		{44B2CBF5-E825-4B78-A9C6-CB87D4874558}.Release|x64.ActiveCfg = Release|x64
		{44B2CBF5-E825-4B78-A9C6-CB87D4874558}.Release|x64.Build.0 = Release|x64
		{44B2CBF5-E825-4B78-A9C6-CB87D4874558}.Release|x86.ActiveCfg = Release|Win32
		{44B2CBF5-E825-4B78-A9C6-CB87D4874558}.Release|x86.Build.0 = Release|Win32
		{E5E88EDE-19F2-4B57-B57E-1A439B21B45F}.Debug|x64.ActiveCfg = Debug|x64
		{E5E88EDE-19F2-4B57-B57E-1A439B21B45F}.Debug|x64.Build.0 = Debug|x64
		{E5E88EDE-19F2-4B57-B57E-1A439B21B45F}.Debug|x86.ActiveCfg = Debug|Win32
		{E5E88EDE-19F2-4B57-B57E-1A439B21B45F}.Debug|x86.Build.0 = Debug|Win32
		{E5E88EDE-19F2-4B57-B57E-1A439B21B45F}.Release|x64.ActiveCfg = Release|x64
		{E5E88EDE-19F2-4B57-B57E-1A439B21B45F}.Release|x64.Build.0 = Release|x64
		{E5E88EDE-19F2-4B57-B57E-1A439B21B45F}.Release|x86.ActiveCfg = Release|Win32
		{E5E88EDE-19F2-4B57-B57E-1A439B21B45F}.Release|x86.Build.0 = Release|Win32
		{F6357968-DD6A-4DC9-829D-4A3AB2EE91B5}.Debug|x64.ActiveCfg = Debug|x64
		{F6357968-DD6A-4DC9-829D-4A3AB2EE91B5}.Debug|x64.Build.0 = Debug|x64
		{F6357968-DD6A-4DC9-829D-4A3AB2EE91B5}.Debug|x86.ActiveCfg = Debug|Win32
		{F6357968-DD6A-4DC9-829D-4A3AB2EE91B5}.Debug|x86.Build.0 = Debug|Win32
		{F6357968-DD6A-4DC9-829D-4A3AB2EE91B5}.Release|x64.ActiveCfg = Release|x64
		{F6357968-DD6A-4DC9-829D-4A3AB2EE91B5}.Release|x64.Build.0 = Release|x64
		{F6357968-DD6A-4DC9-829D-4A3AB2EE91B5}.Release|x86.ActiveCfg = Release|Win32
		{F6357968-DD6A-4DC9-829D-4A3AB2EE91B5}.Release|x86.Build.0 = Release|Win32
		{88D8266C-C79E-4455-A019-2EF3DDEFDDB3}.Debug|x64.ActiveCfg = Debug|x64
		{88D8266C-C79E-4455-A019-2EF3DDEFDDB3}.Debug|x64.Build.0 = Debug|x64
		{88D8266C-C79E-4455-A019-2EF3DDEFDDB3}.Debug|x86.ActiveCfg = Debug|Win32
		{88D8266C-C79E-4455-A019-2EF3DDEFDDB3}.Debug|x86.Build.0 = Debug|Win32
		{88D8266C-C79E-4455-A019-2EF3DDEFDDB3}.Release|x64.ActiveCfg = Release|x64
		{88D8266C-C79E-4455-A019-2EF3DDEFDDB3}.Release|x64.Build.0 = Release|x64
		{88D8266C-C79E-4455-A019-2EF3DDEFDDB3}.Release|x86.ActiveCfg = Release|Win32
		{88D8266C-C79E-4455-A019-2EF3DDEFDDB3}.Release|x86.Build.0 = Release|Win32
		{A99E6D9D-9001-42CC-BF11-95A850568C23}.Debug|x64.ActiveCfg = Debug|x64
		{A99E6D9D-9001-42CC-BF11-95A850568C23}.Debug|x64.Build.0 = Debug|x64
		{A99E6D9D-9001-42CC-BF11-95A850568C23}.Debug|x86.ActiveCfg = Debug|Win32
		{A99E6D9D-9001-42CC-BF11-95A850568C23}.Debug|x86.Build.0 = Debug|Win32
		{A99E6D9D-9001-42CC-BF11-95A850568C23}.Release|x64.ActiveCfg = Release|x64
		{A99E6D9D-9001-42CC-BF11-95A850568C23}.Release|x64.Build.0 = Release|x64
		{A99E6D9D-9001-42CC-BF11-95A850568C23}.Release|x86.ActiveCfg = Release|Win32
		{A99E6D9D-9001-42CC-BF11-95A850568C23}.Release|x86.Build.0 = Release|Win32
	EndGlobalSection
	GlobalSection(SolutionProperties) = preSolution
		HideSolutionNode = FALSE
	EndGlobalSection
	GlobalSection(ExtensibilityGlobals) = postSolution
		SolutionGuid = {D4F93568-05D5-46F3-9CDE-002055B00FD1}
	EndGlobalSection
EndGlobal
