
Microsoft Visual Studio Solution File, Format Version 12.00
# Visual Studio Version 16
VisualStudioVersion = 16.0.30128.74
MinimumVisualStudioVersion = 10.0.40219.1
Project("{8BC9CEB8-8B4A-11D0-8D11-00A0C91BC942}") = "Features_2D_framework", "Features_2D_framework\Features_2D_framework.vcxproj", "{3C60D2CA-7CD8-4485-9CA1-A171BA23FB58}"
EndProject
Project("{8BC9CEB8-8B4A-11D0-8D11-00A0C91BC942}") = "Harris_corner_detector", "Harris_corner_detector\Harris_corner_detector.vcxproj", "{5F88E428-F99E-4A72-9116-0C6FFC008A07}"
EndProject
Project("{8BC9CEB8-8B4A-11D0-8D11-00A0C91BC942}") = "Shi_Tomasi_corner_detector", "Shi_Tomasi_corner_detector\Shi_Tomasi_corner_detector.vcxproj", "{AC77D9E0-0CE4-42ED-9046-9CFDF835DEEC}"
EndProject
Project("{8BC9CEB8-8B4A-11D0-8D11-00A0C91BC942}") = "Creating_your_own_corner_detector", "Creating_your_own_corner_detector\Creating_your_own_corner_detector.vcxproj", "{725B3859-D767-437A-A17E-8D6B1DA8A4D0}"
EndProject
Project("{8BC9CEB8-8B4A-11D0-8D11-00A0C91BC942}") = "Detecting_corners_location_in_subpixels", "Detecting_corners_location_in_subpixels\Detecting_corners_location_in_subpixels.vcxproj", "{E222E6F6-BDE4-49DC-9F0A-1725160F75CA}"
EndProject
Project("{8BC9CEB8-8B4A-11D0-8D11-00A0C91BC942}") = "Feature_Detection", "Feature_Detection\Feature_Detection.vcxproj", "{2BF6B1E0-C2A2-4370-AC0D-1160ADB9B76F}"
EndProject
Project("{8BC9CEB8-8B4A-11D0-8D11-00A0C91BC942}") = "Feature_Description", "Feature_Description\Feature_Description.vcxproj", "{A65B1528-091A-4CCA-BFA5-D3FF40B8DCCF}"
EndProject
Project("{8BC9CEB8-8B4A-11D0-8D11-00A0C91BC942}") = "Feature_Matching_with_FLANN", "Feature_Matching_with_FLANN\Feature_Matching_with_FLANN.vcxproj", "{1F3D2D55-3C1C-4BF6-8B62-DC12B6BBA504}"
EndProject
Project("{8BC9CEB8-8B4A-11D0-8D11-00A0C91BC942}") = "Features2D_Homography_to_find_a_known_object", "Features2D_Homography_to_find_a_known_object\Features2D_Homography_to_find_a_known_object.vcxproj", "{10951ACD-8ADC-41C8-A878-7D5B480174A9}"
EndProject
Project("{8BC9CEB8-8B4A-11D0-8D11-00A0C91BC942}") = "Detection_of_planar_objects", "Detection_of_planar_objects\Detection_of_planar_objects.vcxproj", "{238210C0-0779-4EB9-84B0-60D5E5E75AB1}"
EndProject
Project("{8BC9CEB8-8B4A-11D0-8D11-00A0C91BC942}") = "AKAZE_local_features_matching", "AKAZE_local_features_matching\AKAZE_local_features_matching.vcxproj", "{405C615F-4332-4772-96F9-E3F368A4C7A6}"
EndProject
Project("{8BC9CEB8-8B4A-11D0-8D11-00A0C91BC942}") = "AKAZE_and_ORB_planar_tracking", "AKAZE_and_ORB_planar_tracking\AKAZE_and_ORB_planar_tracking.vcxproj", "{A6C2B84F-88B9-4D54-A3FA-4153A440B248}"
EndProject
Project("{8BC9CEB8-8B4A-11D0-8D11-00A0C91BC942}") = "Basic_concepts_of_the_homography_explained_with_code", "Basic_concepts_of_the_homography_explained_with_code\Basic_concepts_of_the_homography_explained_with_code.vcxproj", "{CC9448B8-1DB5-472D-83A5-E3923569C9B8}"
EndProject
Global
	GlobalSection(SolutionConfigurationPlatforms) = preSolution
		Debug|x64 = Debug|x64
		Debug|x86 = Debug|x86
		Release|x64 = Release|x64
		Release|x86 = Release|x86
	EndGlobalSection
	GlobalSection(ProjectConfigurationPlatforms) = postSolution
		{3C60D2CA-7CD8-4485-9CA1-A171BA23FB58}.Debug|x64.ActiveCfg = Debug|x64
		{3C60D2CA-7CD8-4485-9CA1-A171BA23FB58}.Debug|x64.Build.0 = Debug|x64
		{3C60D2CA-7CD8-4485-9CA1-A171BA23FB58}.Debug|x86.ActiveCfg = Debug|Win32
		{3C60D2CA-7CD8-4485-9CA1-A171BA23FB58}.Debug|x86.Build.0 = Debug|Win32
		{3C60D2CA-7CD8-4485-9CA1-A171BA23FB58}.Release|x64.ActiveCfg = Release|x64
		{3C60D2CA-7CD8-4485-9CA1-A171BA23FB58}.Release|x64.Build.0 = Release|x64
		{3C60D2CA-7CD8-4485-9CA1-A171BA23FB58}.Release|x86.ActiveCfg = Release|Win32
		{3C60D2CA-7CD8-4485-9CA1-A171BA23FB58}.Release|x86.Build.0 = Release|Win32
		{5F88E428-F99E-4A72-9116-0C6FFC008A07}.Debug|x64.ActiveCfg = Debug|x64
		{5F88E428-F99E-4A72-9116-0C6FFC008A07}.Debug|x64.Build.0 = Debug|x64
		{5F88E428-F99E-4A72-9116-0C6FFC008A07}.Debug|x86.ActiveCfg = Debug|Win32
		{5F88E428-F99E-4A72-9116-0C6FFC008A07}.Debug|x86.Build.0 = Debug|Win32
		{5F88E428-F99E-4A72-9116-0C6FFC008A07}.Release|x64.ActiveCfg = Release|x64
		{5F88E428-F99E-4A72-9116-0C6FFC008A07}.Release|x64.Build.0 = Release|x64
		{5F88E428-F99E-4A72-9116-0C6FFC008A07}.Release|x86.ActiveCfg = Release|Win32
		{5F88E428-F99E-4A72-9116-0C6FFC008A07}.Release|x86.Build.0 = Release|Win32
		{AC77D9E0-0CE4-42ED-9046-9CFDF835DEEC}.Debug|x64.ActiveCfg = Debug|x64
		{AC77D9E0-0CE4-42ED-9046-9CFDF835DEEC}.Debug|x64.Build.0 = Debug|x64
		{AC77D9E0-0CE4-42ED-9046-9CFDF835DEEC}.Debug|x86.ActiveCfg = Debug|Win32
		{AC77D9E0-0CE4-42ED-9046-9CFDF835DEEC}.Debug|x86.Build.0 = Debug|Win32
		{AC77D9E0-0CE4-42ED-9046-9CFDF835DEEC}.Release|x64.ActiveCfg = Release|x64
		{AC77D9E0-0CE4-42ED-9046-9CFDF835DEEC}.Release|x64.Build.0 = Release|x64
		{AC77D9E0-0CE4-42ED-9046-9CFDF835DEEC}.Release|x86.ActiveCfg = Release|Win32
		{AC77D9E0-0CE4-42ED-9046-9CFDF835DEEC}.Release|x86.Build.0 = Release|Win32
		{725B3859-D767-437A-A17E-8D6B1DA8A4D0}.Debug|x64.ActiveCfg = Debug|x64
		{725B3859-D767-437A-A17E-8D6B1DA8A4D0}.Debug|x64.Build.0 = Debug|x64
		{725B3859-D767-437A-A17E-8D6B1DA8A4D0}.Debug|x86.ActiveCfg = Debug|Win32
		{725B3859-D767-437A-A17E-8D6B1DA8A4D0}.Debug|x86.Build.0 = Debug|Win32
		{725B3859-D767-437A-A17E-8D6B1DA8A4D0}.Release|x64.ActiveCfg = Release|x64
		{725B3859-D767-437A-A17E-8D6B1DA8A4D0}.Release|x64.Build.0 = Release|x64
		{725B3859-D767-437A-A17E-8D6B1DA8A4D0}.Release|x86.ActiveCfg = Release|Win32
		{725B3859-D767-437A-A17E-8D6B1DA8A4D0}.Release|x86.Build.0 = Release|Win32
		{E222E6F6-BDE4-49DC-9F0A-1725160F75CA}.Debug|x64.ActiveCfg = Debug|x64
		{E222E6F6-BDE4-49DC-9F0A-1725160F75CA}.Debug|x64.Build.0 = Debug|x64
		{E222E6F6-BDE4-49DC-9F0A-1725160F75CA}.Debug|x86.ActiveCfg = Debug|Win32
		{E222E6F6-BDE4-49DC-9F0A-1725160F75CA}.Debug|x86.Build.0 = Debug|Win32
		{E222E6F6-BDE4-49DC-9F0A-1725160F75CA}.Release|x64.ActiveCfg = Release|x64
		{E222E6F6-BDE4-49DC-9F0A-1725160F75CA}.Release|x64.Build.0 = Release|x64
		{E222E6F6-BDE4-49DC-9F0A-1725160F75CA}.Release|x86.ActiveCfg = Release|Win32
		{E222E6F6-BDE4-49DC-9F0A-1725160F75CA}.Release|x86.Build.0 = Release|Win32
		{2BF6B1E0-C2A2-4370-AC0D-1160ADB9B76F}.Debug|x64.ActiveCfg = Debug|x64
		{2BF6B1E0-C2A2-4370-AC0D-1160ADB9B76F}.Debug|x64.Build.0 = Debug|x64
		{2BF6B1E0-C2A2-4370-AC0D-1160ADB9B76F}.Debug|x86.ActiveCfg = Debug|Win32
		{2BF6B1E0-C2A2-4370-AC0D-1160ADB9B76F}.Debug|x86.Build.0 = Debug|Win32
		{2BF6B1E0-C2A2-4370-AC0D-1160ADB9B76F}.Release|x64.ActiveCfg = Release|x64
		{2BF6B1E0-C2A2-4370-AC0D-1160ADB9B76F}.Release|x64.Build.0 = Release|x64
		{2BF6B1E0-C2A2-4370-AC0D-1160ADB9B76F}.Release|x86.ActiveCfg = Release|Win32
		{2BF6B1E0-C2A2-4370-AC0D-1160ADB9B76F}.Release|x86.Build.0 = Release|Win32
		{A65B1528-091A-4CCA-BFA5-D3FF40B8DCCF}.Debug|x64.ActiveCfg = Debug|x64
		{A65B1528-091A-4CCA-BFA5-D3FF40B8DCCF}.Debug|x64.Build.0 = Debug|x64
		{A65B1528-091A-4CCA-BFA5-D3FF40B8DCCF}.Debug|x86.ActiveCfg = Debug|Win32
		{A65B1528-091A-4CCA-BFA5-D3FF40B8DCCF}.Debug|x86.Build.0 = Debug|Win32
		{A65B1528-091A-4CCA-BFA5-D3FF40B8DCCF}.Release|x64.ActiveCfg = Release|x64
		{A65B1528-091A-4CCA-BFA5-D3FF40B8DCCF}.Release|x64.Build.0 = Release|x64
		{A65B1528-091A-4CCA-BFA5-D3FF40B8DCCF}.Release|x86.ActiveCfg = Release|Win32
		{A65B1528-091A-4CCA-BFA5-D3FF40B8DCCF}.Release|x86.Build.0 = Release|Win32
		{1F3D2D55-3C1C-4BF6-8B62-DC12B6BBA504}.Debug|x64.ActiveCfg = Debug|x64
		{1F3D2D55-3C1C-4BF6-8B62-DC12B6BBA504}.Debug|x64.Build.0 = Debug|x64
		{1F3D2D55-3C1C-4BF6-8B62-DC12B6BBA504}.Debug|x86.ActiveCfg = Debug|Win32
		{1F3D2D55-3C1C-4BF6-8B62-DC12B6BBA504}.Debug|x86.Build.0 = Debug|Win32
		{1F3D2D55-3C1C-4BF6-8B62-DC12B6BBA504}.Release|x64.ActiveCfg = Release|x64
		{1F3D2D55-3C1C-4BF6-8B62-DC12B6BBA504}.Release|x64.Build.0 = Release|x64
		{1F3D2D55-3C1C-4BF6-8B62-DC12B6BBA504}.Release|x86.ActiveCfg = Release|Win32
		{1F3D2D55-3C1C-4BF6-8B62-DC12B6BBA504}.Release|x86.Build.0 = Release|Win32
		{10951ACD-8ADC-41C8-A878-7D5B480174A9}.Debug|x64.ActiveCfg = Debug|x64
		{10951ACD-8ADC-41C8-A878-7D5B480174A9}.Debug|x64.Build.0 = Debug|x64
		{10951ACD-8ADC-41C8-A878-7D5B480174A9}.Debug|x86.ActiveCfg = Debug|Win32
		{10951ACD-8ADC-41C8-A878-7D5B480174A9}.Debug|x86.Build.0 = Debug|Win32
		{10951ACD-8ADC-41C8-A878-7D5B480174A9}.Release|x64.ActiveCfg = Release|x64
		{10951ACD-8ADC-41C8-A878-7D5B480174A9}.Release|x64.Build.0 = Release|x64
		{10951ACD-8ADC-41C8-A878-7D5B480174A9}.Release|x86.ActiveCfg = Release|Win32
		{10951ACD-8ADC-41C8-A878-7D5B480174A9}.Release|x86.Build.0 = Release|Win32
		{238210C0-0779-4EB9-84B0-60D5E5E75AB1}.Debug|x64.ActiveCfg = Debug|x64
		{238210C0-0779-4EB9-84B0-60D5E5E75AB1}.Debug|x64.Build.0 = Debug|x64
		{238210C0-0779-4EB9-84B0-60D5E5E75AB1}.Debug|x86.ActiveCfg = Debug|Win32
		{238210C0-0779-4EB9-84B0-60D5E5E75AB1}.Debug|x86.Build.0 = Debug|Win32
		{238210C0-0779-4EB9-84B0-60D5E5E75AB1}.Release|x64.ActiveCfg = Release|x64
		{238210C0-0779-4EB9-84B0-60D5E5E75AB1}.Release|x64.Build.0 = Release|x64
		{238210C0-0779-4EB9-84B0-60D5E5E75AB1}.Release|x86.ActiveCfg = Release|Win32
		{238210C0-0779-4EB9-84B0-60D5E5E75AB1}.Release|x86.Build.0 = Release|Win32
		{405C615F-4332-4772-96F9-E3F368A4C7A6}.Debug|x64.ActiveCfg = Debug|x64
		{405C615F-4332-4772-96F9-E3F368A4C7A6}.Debug|x64.Build.0 = Debug|x64
		{405C615F-4332-4772-96F9-E3F368A4C7A6}.Debug|x86.ActiveCfg = Debug|Win32
		{405C615F-4332-4772-96F9-E3F368A4C7A6}.Debug|x86.Build.0 = Debug|Win32
		{405C615F-4332-4772-96F9-E3F368A4C7A6}.Release|x64.ActiveCfg = Release|x64
		{405C615F-4332-4772-96F9-E3F368A4C7A6}.Release|x64.Build.0 = Release|x64
		{405C615F-4332-4772-96F9-E3F368A4C7A6}.Release|x86.ActiveCfg = Release|Win32
		{405C615F-4332-4772-96F9-E3F368A4C7A6}.Release|x86.Build.0 = Release|Win32
		{A6C2B84F-88B9-4D54-A3FA-4153A440B248}.Debug|x64.ActiveCfg = Debug|x64
		{A6C2B84F-88B9-4D54-A3FA-4153A440B248}.Debug|x64.Build.0 = Debug|x64
		{A6C2B84F-88B9-4D54-A3FA-4153A440B248}.Debug|x86.ActiveCfg = Debug|Win32
		{A6C2B84F-88B9-4D54-A3FA-4153A440B248}.Debug|x86.Build.0 = Debug|Win32
		{A6C2B84F-88B9-4D54-A3FA-4153A440B248}.Release|x64.ActiveCfg = Release|x64
		{A6C2B84F-88B9-4D54-A3FA-4153A440B248}.Release|x64.Build.0 = Release|x64
		{A6C2B84F-88B9-4D54-A3FA-4153A440B248}.Release|x86.ActiveCfg = Release|Win32
		{A6C2B84F-88B9-4D54-A3FA-4153A440B248}.Release|x86.Build.0 = Release|Win32
		{CC9448B8-1DB5-472D-83A5-E3923569C9B8}.Debug|x64.ActiveCfg = Debug|x64
		{CC9448B8-1DB5-472D-83A5-E3923569C9B8}.Debug|x64.Build.0 = Debug|x64
		{CC9448B8-1DB5-472D-83A5-E3923569C9B8}.Debug|x86.ActiveCfg = Debug|Win32
		{CC9448B8-1DB5-472D-83A5-E3923569C9B8}.Debug|x86.Build.0 = Debug|Win32
		{CC9448B8-1DB5-472D-83A5-E3923569C9B8}.Release|x64.ActiveCfg = Release|x64
		{CC9448B8-1DB5-472D-83A5-E3923569C9B8}.Release|x64.Build.0 = Release|x64
		{CC9448B8-1DB5-472D-83A5-E3923569C9B8}.Release|x86.ActiveCfg = Release|Win32
		{CC9448B8-1DB5-472D-83A5-E3923569C9B8}.Release|x86.Build.0 = Release|Win32
	EndGlobalSection
	GlobalSection(SolutionProperties) = preSolution
		HideSolutionNode = FALSE
	EndGlobalSection
	GlobalSection(ExtensibilityGlobals) = postSolution
		SolutionGuid = {CD4A57E6-3802-413A-AC89-BE7F2AD8E3A6}
	EndGlobalSection
EndGlobal
