
Microsoft Visual Studio Solution File, Format Version 12.00
# Visual Studio Version 16
VisualStudioVersion = 16.0.30128.74
MinimumVisualStudioVersion = 10.0.40219.1
Project("{8BC9CEB8-8B4A-11D0-8D11-00A0C91BC942}") = "Object_Detection", "Object_Detection\Object_Detection.vcxproj", "{60550C48-BB01-4689-9561-672F7E54EA42}"
EndProject
Project("{8BC9CEB8-8B4A-11D0-8D11-00A0C91BC942}") = "Cascade_Classifier", "Cascade_Classifier\Cascade_Classifier.vcxproj", "{1EBB155A-A510-4680-A6FC-8360627B20A9}"
EndProject
Global
	GlobalSection(SolutionConfigurationPlatforms) = preSolution
		Debug|x64 = Debug|x64
		Debug|x86 = Debug|x86
		Release|x64 = Release|x64
		Release|x86 = Release|x86
	EndGlobalSection
	GlobalSection(ProjectConfigurationPlatforms) = postSolution
		{60550C48-BB01-4689-9561-672F7E54EA42}.Debug|x64.ActiveCfg = Debug|x64
		{60550C48-BB01-4689-9561-672F7E54EA42}.Debug|x64.Build.0 = Debug|x64
		{60550C48-BB01-4689-9561-672F7E54EA42}.Debug|x86.ActiveCfg = Debug|Win32
		{60550C48-BB01-4689-9561-672F7E54EA42}.Debug|x86.Build.0 = Debug|Win32
		{60550C48-BB01-4689-9561-672F7E54EA42}.Release|x64.ActiveCfg = Release|x64
		{60550C48-BB01-4689-9561-672F7E54EA42}.Release|x64.Build.0 = Release|x64
		{60550C48-BB01-4689-9561-672F7E54EA42}.Release|x86.ActiveCfg = Release|Win32
		{60550C48-BB01-4689-9561-672F7E54EA42}.Release|x86.Build.0 = Release|Win32
		{1EBB155A-A510-4680-A6FC-8360627B20A9}.Debug|x64.ActiveCfg = Debug|x64
		{1EBB155A-A510-4680-A6FC-8360627B20A9}.Debug|x64.Build.0 = Debug|x64
		{1EBB155A-A510-4680-A6FC-8360627B20A9}.Debug|x86.ActiveCfg = Debug|Win32
		{1EBB155A-A510-4680-A6FC-8360627B20A9}.Debug|x86.Build.0 = Debug|Win32
		{1EBB155A-A510-4680-A6FC-8360627B20A9}.Release|x64.ActiveCfg = Release|x64
		{1EBB155A-A510-4680-A6FC-8360627B20A9}.Release|x64.Build.0 = Release|x64
		{1EBB155A-A510-4680-A6FC-8360627B20A9}.Release|x86.ActiveCfg = Release|Win32
		{1EBB155A-A510-4680-A6FC-8360627B20A9}.Release|x86.Build.0 = Release|Win32
	EndGlobalSection
	GlobalSection(SolutionProperties) = preSolution
		HideSolutionNode = FALSE
	EndGlobalSection
	GlobalSection(ExtensibilityGlobals) = postSolution
		SolutionGuid = {F4AE2974-6209-4218-AC6B-6E444CF92473}
	EndGlobalSection
EndGlobal
