
Microsoft Visual Studio Solution File, Format Version 12.00
# Visual Studio Version 16
VisualStudioVersion = 16.0.30128.74
MinimumVisualStudioVersion = 10.0.40219.1
Project("{8BC9CEB8-8B4A-11D0-8D11-00A0C91BC942}") = "Video_Input_and_Output", "Video_Input_and_Output\Video_Input_and_Output.vcxproj", "{97666B85-1715-4892-8CC4-26EE4B22C2BE}"
EndProject
Project("{8BC9CEB8-8B4A-11D0-8D11-00A0C91BC942}") = "video-write", "video-write\video-write.vcxproj", "{ABEAA970-0B6B-4276-8DB9-C48B01EFC3D9}"
EndProject
Global
	GlobalSection(SolutionConfigurationPlatforms) = preSolution
		Debug|x64 = Debug|x64
		Debug|x86 = Debug|x86
		Release|x64 = Release|x64
		Release|x86 = Release|x86
	EndGlobalSection
	GlobalSection(ProjectConfigurationPlatforms) = postSolution
		{97666B85-1715-4892-8CC4-26EE4B22C2BE}.Debug|x64.ActiveCfg = Debug|x64
		{97666B85-1715-4892-8CC4-26EE4B22C2BE}.Debug|x64.Build.0 = Debug|x64
		{97666B85-1715-4892-8CC4-26EE4B22C2BE}.Debug|x86.ActiveCfg = Debug|Win32
		{97666B85-1715-4892-8CC4-26EE4B22C2BE}.Debug|x86.Build.0 = Debug|Win32
		{97666B85-1715-4892-8CC4-26EE4B22C2BE}.Release|x64.ActiveCfg = Release|x64
		{97666B85-1715-4892-8CC4-26EE4B22C2BE}.Release|x64.Build.0 = Release|x64
		{97666B85-1715-4892-8CC4-26EE4B22C2BE}.Release|x86.ActiveCfg = Release|Win32
		{97666B85-1715-4892-8CC4-26EE4B22C2BE}.Release|x86.Build.0 = Release|Win32
		{ABEAA970-0B6B-4276-8DB9-C48B01EFC3D9}.Debug|x64.ActiveCfg = Debug|x64
		{ABEAA970-0B6B-4276-8DB9-C48B01EFC3D9}.Debug|x64.Build.0 = Debug|x64
		{ABEAA970-0B6B-4276-8DB9-C48B01EFC3D9}.Debug|x86.ActiveCfg = Debug|Win32
		{ABEAA970-0B6B-4276-8DB9-C48B01EFC3D9}.Debug|x86.Build.0 = Debug|Win32
		{ABEAA970-0B6B-4276-8DB9-C48B01EFC3D9}.Release|x64.ActiveCfg = Release|x64
		{ABEAA970-0B6B-4276-8DB9-C48B01EFC3D9}.Release|x64.Build.0 = Release|x64
		{ABEAA970-0B6B-4276-8DB9-C48B01EFC3D9}.Release|x86.ActiveCfg = Release|Win32
		{ABEAA970-0B6B-4276-8DB9-C48B01EFC3D9}.Release|x86.Build.0 = Release|Win32
	EndGlobalSection
	GlobalSection(SolutionProperties) = preSolution
		HideSolutionNode = FALSE
	EndGlobalSection
	GlobalSection(ExtensibilityGlobals) = postSolution
		SolutionGuid = {4EF41F9F-C9BB-4336-B6E3-01343E5AB7F1}
	EndGlobalSection
EndGlobal
