
Microsoft Visual Studio Solution File, Format Version 12.00
# Visual Studio Version 16
VisualStudioVersion = 16.0.30128.74
MinimumVisualStudioVersion = 10.0.40219.1
Project("{8BC9CEB8-8B4A-11D0-8D11-00A0C91BC942}") = "High_Level_GUI_and_Media", "High_Level_GUI_and_Media\High_Level_GUI_and_Media.vcxproj", "{FB8383FE-24B9-47B5-B073-96EFAFCA82D5}"
EndProject
Global
	GlobalSection(SolutionConfigurationPlatforms) = preSolution
		Debug|x64 = Debug|x64
		Debug|x86 = Debug|x86
		Release|x64 = Release|x64
		Release|x86 = Release|x86
	EndGlobalSection
	GlobalSection(ProjectConfigurationPlatforms) = postSolution
		{FB8383FE-24B9-47B5-B073-96EFAFCA82D5}.Debug|x64.ActiveCfg = Debug|x64
		{FB8383FE-24B9-47B5-B073-96EFAFCA82D5}.Debug|x64.Build.0 = Debug|x64
		{FB8383FE-24B9-47B5-B073-96EFAFCA82D5}.Debug|x86.ActiveCfg = Debug|Win32
		{FB8383FE-24B9-47B5-B073-96EFAFCA82D5}.Debug|x86.Build.0 = Debug|Win32
		{FB8383FE-24B9-47B5-B073-96EFAFCA82D5}.Release|x64.ActiveCfg = Release|x64
		{FB8383FE-24B9-47B5-B073-96EFAFCA82D5}.Release|x64.Build.0 = Release|x64
		{FB8383FE-24B9-47B5-B073-96EFAFCA82D5}.Release|x86.ActiveCfg = Release|Win32
		{FB8383FE-24B9-47B5-B073-96EFAFCA82D5}.Release|x86.Build.0 = Release|Win32
	EndGlobalSection
	GlobalSection(SolutionProperties) = preSolution
		HideSolutionNode = FALSE
	EndGlobalSection
	GlobalSection(ExtensibilityGlobals) = postSolution
		SolutionGuid = {4C914608-5053-4548-85B2-C5A1AF7A6AA3}
	EndGlobalSection
EndGlobal
